
Microsoft Visual Studio Solution File, Format Version 12.00
# Visual Studio 15
VisualStudioVersion = 15.0.26730.12
MinimumVisualStudioVersion = 10.0.40219.1
Project("{FAE04EC0-301F-11D3-BF4B-00C04F79EFBC}") = "teht2", "teht2\teht2.csproj", "{7EE9D3CD-E5CB-4DAA-81A0-32D40466AF48}"
EndProject
Project("{FAE04EC0-301F-11D3-BF4B-00C04F79EFBC}") = "teht3", "teht3\teht3.csproj", "{D53023BF-19CD-48AC-9F5B-1792BA5B1531}"
EndProject
Global
	GlobalSection(SolutionConfigurationPlatforms) = preSolution
		Debug|Any CPU = Debug|Any CPU
		Release|Any CPU = Release|Any CPU
	EndGlobalSection
	GlobalSection(ProjectConfigurationPlatforms) = postSolution
		{7EE9D3CD-E5CB-4DAA-81A0-32D40466AF48}.Debug|Any CPU.ActiveCfg = Debug|Any CPU
		{7EE9D3CD-E5CB-4DAA-81A0-32D40466AF48}.Debug|Any CPU.Build.0 = Debug|Any CPU
		{7EE9D3CD-E5CB-4DAA-81A0-32D40466AF48}.Release|Any CPU.ActiveCfg = Release|Any CPU
		{7EE9D3CD-E5CB-4DAA-81A0-32D40466AF48}.Release|Any CPU.Build.0 = Release|Any CPU
		{D53023BF-19CD-48AC-9F5B-1792BA5B1531}.Debug|Any CPU.ActiveCfg = Debug|Any CPU
		{D53023BF-19CD-48AC-9F5B-1792BA5B1531}.Debug|Any CPU.Build.0 = Debug|Any CPU
		{D53023BF-19CD-48AC-9F5B-1792BA5B1531}.Release|Any CPU.ActiveCfg = Release|Any CPU
		{D53023BF-19CD-48AC-9F5B-1792BA5B1531}.Release|Any CPU.Build.0 = Release|Any CPU
	EndGlobalSection
	GlobalSection(SolutionProperties) = preSolution
		HideSolutionNode = FALSE
	EndGlobalSection
	GlobalSection(ExtensibilityGlobals) = postSolution
		SolutionGuid = {46050B09-778D-4709-B475-358D908A7AD5}
	EndGlobalSection
EndGlobal
